{
  "name": "immich-to-email",
  "version": "1.0.0",
  "lockfileVersion": 3,
  "requires": true,
  "packages": {
    "": {
      "name": "immich-to-email",
      "version": "1.0.0",
      "license": "ISC",
      "dependencies": {
        "@immich/sdk": "^2.4.1"
      },
      "devDependencies": {
        "@types/node": "^25.0.3",
        "typescript": "^5.9.3"
      }
    },
    "node_modules/@immich/sdk": {
      "version": "2.4.1",
      "resolved": "https://registry.npmjs.org/@immich/sdk/-/sdk-2.4.1.tgz",
      "integrity": "sha512-n8wrKrb+/0Krywozvq6Vp7PS0ENl106dhYuetGOP8Cf3axbFxWSYvfzas6ZH2MV9aecRUQBWPsjYE1YHL0bTvg==",
      "license": "GNU Affero General Public License version 3",
      "dependencies": {
        "@oazapfts/runtime": "^1.0.2"
      }
    },
    "node_modules/@oazapfts/runtime": {
      "version": "1.1.0",
      "resolved": "https://registry.npmjs.org/@oazapfts/runtime/-/runtime-1.1.0.tgz",
      "integrity": "sha512-PwCn69pexqg/uhc0bpEHSlRFdfTtSnq3icXHd0wf4BQwZSMKsCerTnydzegVScEegYkokzIxMcl9li7on86A2w==",
      "license": "MIT"
    },
    "node_modules/@types/node": {
      "version": "25.0.3",
      "resolved": "https://registry.npmjs.org/@types/node/-/node-25.0.3.tgz",
      "integrity": "sha512-W609buLVRVmeW693xKfzHeIV6nJGGz98uCPfeXI1ELMLXVeKYZ9m15fAMSaUPBHYLGFsVRcMmSCksQOrZV9BYA==",
      "dev": true,
      "license": "MIT",
      "dependencies": {
        "undici-types": "~7.16.0"
      }
    },
    "node_modules/typescript": {
      "version": "5.9.3",
      "resolved": "https://registry.npmjs.org/typescript/-/typescript-5.9.3.tgz",
      "integrity": "sha512-jl1vZzPDinLr9eUt3J/t7V6FgNEw9QjvBPdysz9KfQDD41fQrC2Y4vKQdiaUpFT4bXlb1RHhLpp8wtm6M5TgSw==",
      "dev": true,
      "license": "Apache-2.0",
      "bin": {
        "tsc": "bin/tsc",
        "tsserver": "bin/tsserver"
      },
      "engines": {
        "node": ">=14.17"
      }
    },
    "node_modules/undici-types": {
      "version": "7.16.0",
      "resolved": "https://registry.npmjs.org/undici-types/-/undici-types-7.16.0.tgz",
      "integrity": "sha512-Zz+aZWSj8LE6zoxD+xrjh4VfkIG8Ya6LvYkZqtUQGJPZjYl53ypCaUwWqo7eI0x66KBGeRo+mlBEkMSeSZ38Nw==",
      "dev": true,
      "license": "MIT"
    }
  }
}
